{
  "nodes": {
    "agenix": {
      "inputs": {
        "darwin": [
          "nix-darwin"
        ],
        "home-manager": [
          "home-manager"
        ],
        "nixpkgs": [
          "nixpkgs"
        ],
        "systems": "systems"
      },
      "locked": {
        "lastModified": 1770165109,
        "narHash": "sha256-9VnK6Oqai65puVJ4WYtCTvlJeXxMzAp/69HhQuTdl/I=",
        "owner": "ryantm",
        "repo": "agenix",
        "rev": "b027ee29d959fda4b60b57566d64c98a202e0feb",
        "type": "github"
      },
      "original": {
        "owner": "ryantm",
        "repo": "agenix",
        "type": "github"
      }
    },
    "ambxst": {
      "inputs": {
        "nixpkgs": [
          "nixpkgs"
        ],
        "quickshell": "quickshell"
      },
      "locked": {
        "lastModified": 1771072201,
        "narHash": "sha256-SONu9NiNr0gaLC6rMt3x5x1L6DwSUuGJesizS7Ej2eo=",
        "owner": "Axenide",
        "repo": "Ambxst",
        "rev": "59edec9a0430eb2f679697f4a817a1f44ffcfb8b",
        "type": "github"
      },
      "original": {
        "owner": "Axenide",
        "repo": "Ambxst",
        "rev": "59edec9a0430eb2f679697f4a817a1f44ffcfb8b",
        "type": "github"
      }
    },
    "brew-src": {
      "flake": false,
      "locked": {
        "lastModified": 1785146564,
        "narHash": "sha256-Sa7/HrfB04H32OJ7/ofxXjiZEbkWtCNOriONYYTL1OA=",
        "owner": "Homebrew",
        "repo": "brew",
        "rev": "b2cfc03346d482f79886de108fee5dc49a6efc10",
        "type": "github"
      },
      "original": {
        "owner": "Homebrew",
        "ref": "6.0.13",
        "repo": "brew",
        "type": "github"
      }
    },
    "flake-compat": {
      "flake": false,
      "locked": {
        "lastModified": 1767039857,
        "narHash": "sha256-vNpUSpF5Nuw8xvDLj2KCwwksIbjua2LZCqhV1LNRDns=",
        "owner": "NixOS",
        "repo": "flake-compat",
        "rev": "5edf11c44bc78a0d334f6334cdaf7d60d732daab",
        "type": "github"
      },
      "original": {
        "owner": "NixOS",
        "repo": "flake-compat",
        "type": "github"
      }
    },
    "flake-parts": {
      "inputs": {
        "nixpkgs-lib": "nixpkgs-lib"
      },
      "locked": {
        "lastModified": 1782949081,
        "narHash": "sha256-vp6Y/Grm98ESt6ceOkWiHWyZRDV3J1RID4w+6NWK9yA=",
        "owner": "hercules-ci",
        "repo": "flake-parts",
        "rev": "17c9d6cdfc60c64f4ee8d306f9bc0b4ccb51481e",
        "type": "github"
      },
      "original": {
        "owner": "hercules-ci",
        "repo": "flake-parts",
        "type": "github"
      }
    },
    "git-hooks": {
      "inputs": {
        "flake-compat": "flake-compat",
        "nixpkgs": [
          "nixpkgs"
        ]
      },
      "locked": {
        "lastModified": 1784288435,
        "narHash": "sha256-ReRHaLgr/uVqdD8afFSn+myXIfpHeOhP0yYe0TJqAA8=",
        "owner": "cachix",
        "repo": "git-hooks.nix",
        "rev": "43b3c1ab9d40fb1dbb008f451988a91e375825e9",
        "type": "github"
      },
      "original": {
        "owner": "cachix",
        "repo": "git-hooks.nix",
        "type": "github"
      }
    },
    "herdr": {
      "inputs": {
        "nixpkgs": [
          "nixpkgs"
        ]
      },
      "locked": {
        "lastModified": 1782308245,
        "narHash": "sha256-/WnsUO1DuSmBfVo8LCFaDJEZvSrYnJZPyRNqASbPzV8=",
        "owner": "ogulcancelik",
        "repo": "herdr",
        "rev": "dbc45f6306bda3eee681d73a14b48ffbb39f3fcc",
        "type": "github"
      },
      "original": {
        "owner": "ogulcancelik",
        "ref": "v0.7.1",
        "repo": "herdr",
        "type": "github"
      }
    },
    "home-manager": {
      "inputs": {
        "nixpkgs": [
          "nixpkgs"
        ]
      },
      "locked": {
        "lastModified": 1785158503,
        "narHash": "sha256-vEhDKc9JYVGH5CO4nbfqIZmsWiDKLPFReYK6emsFK5U=",
        "owner": "nix-community",
        "repo": "home-manager",
        "rev": "0c486d2b21bb1e4d0e5a11e374deb51587267387",
        "type": "github"
      },
      "original": {
        "owner": "nix-community",
        "repo": "home-manager",
        "type": "github"
      }
    },
    "import-tree": {
      "locked": {
        "lastModified": 1784254960,
        "narHash": "sha256-iI88R3wHz8wTKQb5orvpc51L/Xr64AJyxid/0MKa/b8=",
        "owner": "vic",
        "repo": "import-tree",
        "rev": "4ebb10ae17d5f1ad366e7aef5b92cb8eecf24f69",
        "type": "github"
      },
      "original": {
        "owner": "vic",
        "repo": "import-tree",
        "type": "github"
      }
    },
    "mattpocock-skills": {
      "flake": false,
      "locked": {
        "lastModified": 1781103704,
        "narHash": "sha256-NGRKdnHSBKoR48zGotmJ3zGXnQ58ogudv8T4Va/2DSY=",
        "owner": "mattpocock",
        "repo": "skills",
        "rev": "694fa30311e02c2639942308513555e61ee84a6f",
        "type": "github"
      },
      "original": {
        "owner": "mattpocock",
        "repo": "skills",
        "rev": "694fa30311e02c2639942308513555e61ee84a6f",
        "type": "github"
      }
    },
    "nix-darwin": {
      "inputs": {
        "nixpkgs": [
          "nixpkgs"
        ]
      },
      "locked": {
        "lastModified": 1784500460,
        "narHash": "sha256-UvORnAxTRHax7RG74W8Z2t4GvIkX6AjJ5kk0QlwZomo=",
        "owner": "LnL7",
        "repo": "nix-darwin",
        "rev": "57a3171f94705599a2499248ca5758d5eb47c0e0",
        "type": "github"
      },
      "original": {
        "owner": "LnL7",
        "repo": "nix-darwin",
        "type": "github"
      }
    },
    "nix-homebrew": {
      "inputs": {
        "brew-src": [
          "brew-src"
        ]
      },
      "locked": {
        "lastModified": 1784906761,
        "narHash": "sha256-2v0H8+Ert+xbm0oliHblXTPPczuKiibBUBvRax59kxg=",
        "owner": "zhaofengli",
        "repo": "nix-homebrew",
        "rev": "60623ec512406261f553d24033c8a0c53fd0b7f2",
        "type": "github"
      },
      "original": {
        "owner": "zhaofengli",
        "repo": "nix-homebrew",
        "type": "github"
      }
    },
    "nix-index-database": {
      "inputs": {
        "nixpkgs": [
          "nixpkgs"
        ]
      },
      "locked": {
        "lastModified": 1785046085,
        "narHash": "sha256-UiK+mmZJuLWQVhJ5b2wDzogIYWAesyRm6LA3h3Ulh3Y=",
        "owner": "nix-community",
        "repo": "nix-index-database",
        "rev": "11665045df8b9938ef811a3bfdc65cffb02b4b70",
        "type": "github"
      },
      "original": {
        "owner": "nix-community",
        "repo": "nix-index-database",
        "type": "github"
      }
    },
    "nixpkgs": {
      "locked": {
        "lastModified": 1786348146,
        "narHash": "sha256-we5zDEFfn8TgzeWKjKDMIjeQZ59omEPl23NIF+13/ys=",
        "owner": "NixOS",
        "repo": "nixpkgs",
        "rev": "d482ef84049d9b7276b83a06e4e4d76983830097",
        "type": "github"
      },
      "original": {
        "owner": "NixOS",
        "ref": "nixpkgs-unstable",
        "repo": "nixpkgs",
        "type": "github"
      }
    },
    "nixpkgs-lib": {
      "locked": {
        "lastModified": 1782614948,
        "narHash": "sha256-ePjCwr1sNm9NYUqywL7QfK3JnlS015msC+eBu2zKlp8=",
        "owner": "nix-community",
        "repo": "nixpkgs.lib",
        "rev": "db3f255737b94216eb71cce308e2912cf6bc2d7c",
        "type": "github"
      },
      "original": {
        "owner": "nix-community",
        "repo": "nixpkgs.lib",
        "type": "github"
      }
    },
    "quickshell": {
      "inputs": {
        "nixpkgs": [
          "ambxst",
          "nixpkgs"
        ]
      },
      "locked": {
        "lastModified": 1766725085,
        "narHash": "sha256-O2aMFdDUYJazFrlwL7aSIHbUSEm3ADVZjmf41uBJfHs=",
        "ref": "refs/heads/master",
        "rev": "41828c4180fb921df7992a5405f5ff05d2ac2fff",
        "revCount": 715,
        "type": "git",
        "url": "https://git.outfoxxed.me/outfoxxed/quickshell"
      },
      "original": {
        "type": "git",
        "url": "https://git.outfoxxed.me/outfoxxed/quickshell"
      }
    },
    "quickshell_2": {
      "inputs": {
        "nixpkgs": [
          "nixpkgs"
        ]
      },
      "locked": {
        "lastModified": 1785134238,
        "narHash": "sha256-bv5gar+ZAXZCJH7UOv0eRFILKt5RKA/3px/XbVR98Cg=",
        "ref": "refs/heads/master",
        "rev": "43d4fa9e883cb03239b3d578c9c57070f4fbd281",
        "revCount": 834,
        "type": "git",
        "url": "https://git.outfoxxed.me/outfoxxed/quickshell"
      },
      "original": {
        "type": "git",
        "url": "https://git.outfoxxed.me/outfoxxed/quickshell"
      }
    },
    "root": {
      "inputs": {
        "agenix": "agenix",
        "ambxst": "ambxst",
        "brew-src": "brew-src",
        "flake-parts": "flake-parts",
        "git-hooks": "git-hooks",
        "herdr": "herdr",
        "home-manager": "home-manager",
        "import-tree": "import-tree",
        "mattpocock-skills": "mattpocock-skills",
        "nix-darwin": "nix-darwin",
        "nix-homebrew": "nix-homebrew",
        "nix-index-database": "nix-index-database",
        "nixpkgs": "nixpkgs",
        "quickshell": "quickshell_2",
        "secrets": "secrets",
        "simple-english": "simple-english"
      }
    },
    "secrets": {
      "flake": false,
      "locked": {
        "lastModified": 1778175750,
        "narHash": "sha256-50c+eG9nbBPOww+LgEVlMt54dJIyOwuo449v6hDNxmc=",
        "ref": "refs/heads/main",
        "rev": "3064f338ec4ad3c56ed6392b7f08285d1dc8d9ac",
        "revCount": 2,
        "type": "git",
        "url": "ssh://git@github.com/brettsvoid/nix-secrets.git"
      },
      "original": {
        "type": "git",
        "url": "ssh://git@github.com/brettsvoid/nix-secrets.git"
      }
    },
    "simple-english": {
      "flake": false,
      "locked": {
        "lastModified": 1784650100,
        "narHash": "sha256-XnZ4SbhZMFOqtB4LTqOGuALGJUQ4+IcJMcacjjvkdE0=",
        "owner": "AminBlg",
        "repo": "SimpleEnglish",
        "rev": "379728b51981b6d2ee1de0f201164483a9648972",
        "type": "github"
      },
      "original": {
        "owner": "AminBlg",
        "repo": "SimpleEnglish",
        "type": "github"
      }
    },
    "systems": {
      "locked": {
        "lastModified": 1681028828,
        "narHash": "sha256-Vy1rq5AaRuLzOxct8nz4T6wlgyUR7zLU309k9mBC768=",
        "owner": "nix-systems",
        "repo": "default",
        "rev": "da67096a3b9bf56a91d16901293e51ba5b49a27e",
        "type": "github"
      },
      "original": {
        "owner": "nix-systems",
        "repo": "default",
        "type": "github"
      }
    }
  },
  "root": "root",
  "version": 7
}
